
Microsoft Visual Studio Solution File, Format Version 12.00
# Visual Studio 15
Project("{FAE04EC0-301F-11D3-BF4B-00C04F79EFBC}") = "Nobi.UiRoundedCorners", "Nobi.UiRoundedCorners.csproj", "{F74E5665-A8C3-0543-5D11-02A0E5C9E987}"
EndProject
Project("{FAE04EC0-301F-11D3-BF4B-00C04F79EFBC}") = "Assembly-CSharp", "Assembly-CSharp.csproj", "{FA76207E-270E-6D0B-57E2-E12ABFE30A59}"
EndProject
Global
	GlobalSection(SolutionConfigurationPlatforms) = preSolution
		Debug|Any CPU = Debug|Any CPU
		Release|Any CPU = Release|Any CPU
	EndGlobalSection
	GlobalSection(ProjectConfigurationPlatforms) = postSolution
		{F74E5665-A8C3-0543-5D11-02A0E5C9E987}.Debug|Any CPU.ActiveCfg = Debug|Any CPU
		{F74E5665-A8C3-0543-5D11-02A0E5C9E987}.Debug|Any CPU.Build.0 = Debug|Any CPU
		{F74E5665-A8C3-0543-5D11-02A0E5C9E987}.Release|Any CPU.ActiveCfg = Release|Any CPU
		{F74E5665-A8C3-0543-5D11-02A0E5C9E987}.Release|Any CPU.Build.0 = Release|Any CPU
		{FA76207E-270E-6D0B-57E2-E12ABFE30A59}.Debug|Any CPU.ActiveCfg = Debug|Any CPU
		{FA76207E-270E-6D0B-57E2-E12ABFE30A59}.Debug|Any CPU.Build.0 = Debug|Any CPU
		{FA76207E-270E-6D0B-57E2-E12ABFE30A59}.Release|Any CPU.ActiveCfg = Release|Any CPU
		{FA76207E-270E-6D0B-57E2-E12ABFE30A59}.Release|Any CPU.Build.0 = Release|Any CPU
	EndGlobalSection
	GlobalSection(SolutionProperties) = preSolution
		HideSolutionNode = FALSE
	EndGlobalSection
EndGlobal
